
Microsoft Visual Studio Solution File, Format Version 12.00
# Visual Studio 15
VisualStudioVersion = 15.0.28010.2046
MinimumVisualStudioVersion = 10.0.40219.1
Project("{FAE04EC0-301F-11D3-BF4B-00C04F79EFBC}") = "SQLiteSample.Android", "SQLiteSample\SQLiteSample.Android\SQLiteSample.Android.csproj", "{02A756A8-E96C-4AF3-9746-D648D6C6ED15}"
EndProject
Project("{FAE04EC0-301F-11D3-BF4B-00C04F79EFBC}") = "SQLiteSample.iOS", "SQLiteSample\SQLiteSample.iOS\SQLiteSample.iOS.csproj", "{6A5FDAB1-8FD9-4CAC-B884-CFD54A954A79}"
EndProject
Project("{FAE04EC0-301F-11D3-BF4B-00C04F79EFBC}") = "SQLiteSample", "SQLiteSample\SQLiteSample\SQLiteSample.csproj", "{5527C1F1-423A-4F6E-81CF-3831CA834723}"
EndProject
Global
	GlobalSection(SolutionConfigurationPlatforms) = preSolution
		Ad-Hoc|Any CPU = Ad-Hoc|Any CPU
		Ad-Hoc|iPhone = Ad-Hoc|iPhone
		Ad-Hoc|iPhoneSimulator = Ad-Hoc|iPhoneSimulator
		AppStore|Any CPU = AppStore|Any CPU
		AppStore|iPhone = AppStore|iPhone
		AppStore|iPhoneSimulator = AppStore|iPhoneSimulator
		Debug|Any CPU = Debug|Any CPU
		Debug|iPhone = Debug|iPhone
		Debug|iPhoneSimulator = Debug|iPhoneSimulator
		Release|Any CPU = Release|Any CPU
		Release|iPhone = Release|iPhone
		Release|iPhoneSimulator = Release|iPhoneSimulator
	EndGlobalSection
	GlobalSection(ProjectConfigurationPlatforms) = postSolution
		{02A756A8-E96C-4AF3-9746-D648D6C6ED15}.Ad-Hoc|Any CPU.ActiveCfg = Release|Any CPU
		{02A756A8-E96C-4AF3-9746-D648D6C6ED15}.Ad-Hoc|Any CPU.Build.0 = Release|Any CPU
		{02A756A8-E96C-4AF3-9746-D648D6C6ED15}.Ad-Hoc|Any CPU.Deploy.0 = Release|Any CPU
		{02A756A8-E96C-4AF3-9746-D648D6C6ED15}.Ad-Hoc|iPhone.ActiveCfg = Release|Any CPU
		{02A756A8-E96C-4AF3-9746-D648D6C6ED15}.Ad-Hoc|iPhone.Build.0 = Release|Any CPU
		{02A756A8-E96C-4AF3-9746-D648D6C6ED15}.Ad-Hoc|iPhone.Deploy.0 = Release|Any CPU
		{02A756A8-E96C-4AF3-9746-D648D6C6ED15}.Ad-Hoc|iPhoneSimulator.ActiveCfg = Release|Any CPU
		{02A756A8-E96C-4AF3-9746-D648D6C6ED15}.Ad-Hoc|iPhoneSimulator.Build.0 = Release|Any CPU
		{02A756A8-E96C-4AF3-9746-D648D6C6ED15}.Ad-Hoc|iPhoneSimulator.Deploy.0 = Release|Any CPU
		{02A756A8-E96C-4AF3-9746-D648D6C6ED15}.AppStore|Any CPU.ActiveCfg = Release|Any CPU
		{02A756A8-E96C-4AF3-9746-D648D6C6ED15}.AppStore|Any CPU.Build.0 = Release|Any CPU
		{02A756A8-E96C-4AF3-9746-D648D6C6ED15}.AppStore|Any CPU.Deploy.0 = Release|Any CPU
		{02A756A8-E96C-4AF3-9746-D648D6C6ED15}.AppStore|iPhone.ActiveCfg = Release|Any CPU
		{02A756A8-E96C-4AF3-9746-D648D6C6ED15}.AppStore|iPhone.Build.0 = Release|Any CPU
		{02A756A8-E96C-4AF3-9746-D648D6C6ED15}.AppStore|iPhone.Deploy.0 = Release|Any CPU
		{02A756A8-E96C-4AF3-9746-D648D6C6ED15}.AppStore|iPhoneSimulator.ActiveCfg = Release|Any CPU
		{02A756A8-E96C-4AF3-9746-D648D6C6ED15}.AppStore|iPhoneSimulator.Build.0 = Release|Any CPU
		{02A756A8-E96C-4AF3-9746-D648D6C6ED15}.AppStore|iPhoneSimulator.Deploy.0 = Release|Any CPU
		{02A756A8-E96C-4AF3-9746-D648D6C6ED15}.Debug|Any CPU.ActiveCfg = Debug|Any CPU
		{02A756A8-E96C-4AF3-9746-D648D6C6ED15}.Debug|Any CPU.Build.0 = Debug|Any CPU
		{02A756A8-E96C-4AF3-9746-D648D6C6ED15}.Debug|Any CPU.Deploy.0 = Debug|Any CPU
		{02A756A8-E96C-4AF3-9746-D648D6C6ED15}.Debug|iPhone.ActiveCfg = Debug|Any CPU
		{02A756A8-E96C-4AF3-9746-D648D6C6ED15}.Debug|iPhone.Build.0 = Debug|Any CPU
		{02A756A8-E96C-4AF3-9746-D648D6C6ED15}.Debug|iPhone.Deploy.0 = Debug|Any CPU
		{02A756A8-E96C-4AF3-9746-D648D6C6ED15}.Debug|iPhoneSimulator.ActiveCfg = Debug|Any CPU
		{02A756A8-E96C-4AF3-9746-D648D6C6ED15}.Debug|iPhoneSimulator.Build.0 = Debug|Any CPU
		{02A756A8-E96C-4AF3-9746-D648D6C6ED15}.Debug|iPhoneSimulator.Deploy.0 = Debug|Any CPU
		{02A756A8-E96C-4AF3-9746-D648D6C6ED15}.Release|Any CPU.ActiveCfg = Release|Any CPU
		{02A756A8-E96C-4AF3-9746-D648D6C6ED15}.Release|Any CPU.Build.0 = Release|Any CPU
		{02A756A8-E96C-4AF3-9746-D648D6C6ED15}.Release|Any CPU.Deploy.0 = Release|Any CPU
		{02A756A8-E96C-4AF3-9746-D648D6C6ED15}.Release|iPhone.ActiveCfg = Release|Any CPU
		{02A756A8-E96C-4AF3-9746-D648D6C6ED15}.Release|iPhone.Build.0 = Release|Any CPU
		{02A756A8-E96C-4AF3-9746-D648D6C6ED15}.Release|iPhone.Deploy.0 = Release|Any CPU
		{02A756A8-E96C-4AF3-9746-D648D6C6ED15}.Release|iPhoneSimulator.ActiveCfg = Release|Any CPU
		{02A756A8-E96C-4AF3-9746-D648D6C6ED15}.Release|iPhoneSimulator.Build.0 = Release|Any CPU
		{02A756A8-E96C-4AF3-9746-D648D6C6ED15}.Release|iPhoneSimulator.Deploy.0 = Release|Any CPU
		{6A5FDAB1-8FD9-4CAC-B884-CFD54A954A79}.Ad-Hoc|Any CPU.ActiveCfg = Ad-Hoc|iPhone
		{6A5FDAB1-8FD9-4CAC-B884-CFD54A954A79}.Ad-Hoc|Any CPU.Build.0 = Ad-Hoc|iPhone
		{6A5FDAB1-8FD9-4CAC-B884-CFD54A954A79}.Ad-Hoc|Any CPU.Deploy.0 = Ad-Hoc|iPhone
		{6A5FDAB1-8FD9-4CAC-B884-CFD54A954A79}.Ad-Hoc|iPhone.ActiveCfg = Ad-Hoc|iPhone
		{6A5FDAB1-8FD9-4CAC-B884-CFD54A954A79}.Ad-Hoc|iPhone.Build.0 = Ad-Hoc|iPhone
		{6A5FDAB1-8FD9-4CAC-B884-CFD54A954A79}.Ad-Hoc|iPhone.Deploy.0 = Ad-Hoc|iPhone
		{6A5FDAB1-8FD9-4CAC-B884-CFD54A954A79}.Ad-Hoc|iPhoneSimulator.ActiveCfg = Ad-Hoc|iPhoneSimulator
		{6A5FDAB1-8FD9-4CAC-B884-CFD54A954A79}.Ad-Hoc|iPhoneSimulator.Build.0 = Ad-Hoc|iPhoneSimulator
		{6A5FDAB1-8FD9-4CAC-B884-CFD54A954A79}.Ad-Hoc|iPhoneSimulator.Deploy.0 = Ad-Hoc|iPhoneSimulator
		{6A5FDAB1-8FD9-4CAC-B884-CFD54A954A79}.AppStore|Any CPU.ActiveCfg = AppStore|iPhone
		{6A5FDAB1-8FD9-4CAC-B884-CFD54A954A79}.AppStore|Any CPU.Build.0 = AppStore|iPhone
		{6A5FDAB1-8FD9-4CAC-B884-CFD54A954A79}.AppStore|Any CPU.Deploy.0 = AppStore|iPhone
		{6A5FDAB1-8FD9-4CAC-B884-CFD54A954A79}.AppStore|iPhone.ActiveCfg = AppStore|iPhone
		{6A5FDAB1-8FD9-4CAC-B884-CFD54A954A79}.AppStore|iPhone.Build.0 = AppStore|iPhone
		{6A5FDAB1-8FD9-4CAC-B884-CFD54A954A79}.AppStore|iPhone.Deploy.0 = AppStore|iPhone
		{6A5FDAB1-8FD9-4CAC-B884-CFD54A954A79}.AppStore|iPhoneSimulator.ActiveCfg = AppStore|iPhoneSimulator
		{6A5FDAB1-8FD9-4CAC-B884-CFD54A954A79}.AppStore|iPhoneSimulator.Build.0 = AppStore|iPhoneSimulator
		{6A5FDAB1-8FD9-4CAC-B884-CFD54A954A79}.AppStore|iPhoneSimulator.Deploy.0 = AppStore|iPhoneSimulator
		{6A5FDAB1-8FD9-4CAC-B884-CFD54A954A79}.Debug|Any CPU.ActiveCfg = Debug|iPhoneSimulator
		{6A5FDAB1-8FD9-4CAC-B884-CFD54A954A79}.Debug|Any CPU.Build.0 = Debug|iPhoneSimulator
		{6A5FDAB1-8FD9-4CAC-B884-CFD54A954A79}.Debug|Any CPU.Deploy.0 = Debug|iPhoneSimulator
		{6A5FDAB1-8FD9-4CAC-B884-CFD54A954A79}.Debug|iPhone.ActiveCfg = Debug|iPhone
		{6A5FDAB1-8FD9-4CAC-B884-CFD54A954A79}.Debug|iPhone.Build.0 = Debug|iPhone
		{6A5FDAB1-8FD9-4CAC-B884-CFD54A954A79}.Debug|iPhone.Deploy.0 = Debug|iPhone
		{6A5FDAB1-8FD9-4CAC-B884-CFD54A954A79}.Debug|iPhoneSimulator.ActiveCfg = Debug|iPhoneSimulator
		{6A5FDAB1-8FD9-4CAC-B884-CFD54A954A79}.Debug|iPhoneSimulator.Build.0 = Debug|iPhoneSimulator
		{6A5FDAB1-8FD9-4CAC-B884-CFD54A954A79}.Debug|iPhoneSimulator.Deploy.0 = Debug|iPhoneSimulator
		{6A5FDAB1-8FD9-4CAC-B884-CFD54A954A79}.Release|Any CPU.ActiveCfg = Release|iPhone
		{6A5FDAB1-8FD9-4CAC-B884-CFD54A954A79}.Release|Any CPU.Build.0 = Release|iPhone
		{6A5FDAB1-8FD9-4CAC-B884-CFD54A954A79}.Release|Any CPU.Deploy.0 = Release|iPhone
		{6A5FDAB1-8FD9-4CAC-B884-CFD54A954A79}.Release|iPhone.ActiveCfg = Release|iPhone
		{6A5FDAB1-8FD9-4CAC-B884-CFD54A954A79}.Release|iPhone.Build.0 = Release|iPhone
		{6A5FDAB1-8FD9-4CAC-B884-CFD54A954A79}.Release|iPhone.Deploy.0 = Release|iPhone
		{6A5FDAB1-8FD9-4CAC-B884-CFD54A954A79}.Release|iPhoneSimulator.ActiveCfg = Release|iPhoneSimulator
		{6A5FDAB1-8FD9-4CAC-B884-CFD54A954A79}.Release|iPhoneSimulator.Build.0 = Release|iPhoneSimulator
		{6A5FDAB1-8FD9-4CAC-B884-CFD54A954A79}.Release|iPhoneSimulator.Deploy.0 = Release|iPhoneSimulator
		{5527C1F1-423A-4F6E-81CF-3831CA834723}.Ad-Hoc|Any CPU.ActiveCfg = Debug|Any CPU
		{5527C1F1-423A-4F6E-81CF-3831CA834723}.Ad-Hoc|Any CPU.Build.0 = Debug|Any CPU
		{5527C1F1-423A-4F6E-81CF-3831CA834723}.Ad-Hoc|Any CPU.Deploy.0 = Debug|Any CPU
		{5527C1F1-423A-4F6E-81CF-3831CA834723}.Ad-Hoc|iPhone.ActiveCfg = Debug|Any CPU
		{5527C1F1-423A-4F6E-81CF-3831CA834723}.Ad-Hoc|iPhone.Build.0 = Debug|Any CPU
		{5527C1F1-423A-4F6E-81CF-3831CA834723}.Ad-Hoc|iPhone.Deploy.0 = Debug|Any CPU
		{5527C1F1-423A-4F6E-81CF-3831CA834723}.Ad-Hoc|iPhoneSimulator.ActiveCfg = Debug|Any CPU
		{5527C1F1-423A-4F6E-81CF-3831CA834723}.Ad-Hoc|iPhoneSimulator.Build.0 = Debug|Any CPU
		{5527C1F1-423A-4F6E-81CF-3831CA834723}.Ad-Hoc|iPhoneSimulator.Deploy.0 = Debug|Any CPU
		{5527C1F1-423A-4F6E-81CF-3831CA834723}.AppStore|Any CPU.ActiveCfg = Debug|Any CPU
		{5527C1F1-423A-4F6E-81CF-3831CA834723}.AppStore|Any CPU.Build.0 = Debug|Any CPU
		{5527C1F1-423A-4F6E-81CF-3831CA834723}.AppStore|Any CPU.Deploy.0 = Debug|Any CPU
		{5527C1F1-423A-4F6E-81CF-3831CA834723}.AppStore|iPhone.ActiveCfg = Debug|Any CPU
		{5527C1F1-423A-4F6E-81CF-3831CA834723}.AppStore|iPhone.Build.0 = Debug|Any CPU
		{5527C1F1-423A-4F6E-81CF-3831CA834723}.AppStore|iPhone.Deploy.0 = Debug|Any CPU
		{5527C1F1-423A-4F6E-81CF-3831CA834723}.AppStore|iPhoneSimulator.ActiveCfg = Debug|Any CPU
		{5527C1F1-423A-4F6E-81CF-3831CA834723}.AppStore|iPhoneSimulator.Build.0 = Debug|Any CPU
		{5527C1F1-423A-4F6E-81CF-3831CA834723}.AppStore|iPhoneSimulator.Deploy.0 = Debug|Any CPU
		{5527C1F1-423A-4F6E-81CF-3831CA834723}.Debug|Any CPU.ActiveCfg = Debug|Any CPU
		{5527C1F1-423A-4F6E-81CF-3831CA834723}.Debug|Any CPU.Build.0 = Debug|Any CPU
		{5527C1F1-423A-4F6E-81CF-3831CA834723}.Debug|Any CPU.Deploy.0 = Debug|Any CPU
		{5527C1F1-423A-4F6E-81CF-3831CA834723}.Debug|iPhone.ActiveCfg = Debug|Any CPU
		{5527C1F1-423A-4F6E-81CF-3831CA834723}.Debug|iPhone.Build.0 = Debug|Any CPU
		{5527C1F1-423A-4F6E-81CF-3831CA834723}.Debug|iPhone.Deploy.0 = Debug|Any CPU
		{5527C1F1-423A-4F6E-81CF-3831CA834723}.Debug|iPhoneSimulator.ActiveCfg = Debug|Any CPU
		{5527C1F1-423A-4F6E-81CF-3831CA834723}.Debug|iPhoneSimulator.Build.0 = Debug|Any CPU
		{5527C1F1-423A-4F6E-81CF-3831CA834723}.Debug|iPhoneSimulator.Deploy.0 = Debug|Any CPU
		{5527C1F1-423A-4F6E-81CF-3831CA834723}.Release|Any CPU.ActiveCfg = Release|Any CPU
		{5527C1F1-423A-4F6E-81CF-3831CA834723}.Release|Any CPU.Build.0 = Release|Any CPU
		{5527C1F1-423A-4F6E-81CF-3831CA834723}.Release|Any CPU.Deploy.0 = Release|Any CPU
		{5527C1F1-423A-4F6E-81CF-3831CA834723}.Release|iPhone.ActiveCfg = Release|Any CPU
		{5527C1F1-423A-4F6E-81CF-3831CA834723}.Release|iPhone.Build.0 = Release|Any CPU
		{5527C1F1-423A-4F6E-81CF-3831CA834723}.Release|iPhone.Deploy.0 = Release|Any CPU
		{5527C1F1-423A-4F6E-81CF-3831CA834723}.Release|iPhoneSimulator.ActiveCfg = Release|Any CPU
		{5527C1F1-423A-4F6E-81CF-3831CA834723}.Release|iPhoneSimulator.Build.0 = Release|Any CPU
		{5527C1F1-423A-4F6E-81CF-3831CA834723}.Release|iPhoneSimulator.Deploy.0 = Release|Any CPU
	EndGlobalSection
	GlobalSection(SolutionProperties) = preSolution
		HideSolutionNode = FALSE
	EndGlobalSection
	GlobalSection(ExtensibilityGlobals) = postSolution
		SolutionGuid = {9D28B779-8EA1-4A65-93C6-FEBBCD6551EE}
	EndGlobalSection
EndGlobal
